
Microsoft Visual Studio Solution File, Format Version 12.00
# Visual Studio 2013
VisualStudioVersion = 12.0.21005.1
MinimumVisualStudioVersion = 10.0.40219.1
Project("{FAE04EC0-301F-11D3-BF4B-00C04F79EFBC}") = "JC", "JC\JC.csproj", "{9EAA1CA5-9049-4EFF-92B6-2D54178C9413}"
EndProject
Project("{FAE04EC0-301F-11D3-BF4B-00C04F79EFBC}") = "JC.Models", "JC.Models\JC.Models.csproj", "{B3B53ACF-A9BC-4708-A0BD-BBD89F98C431}"
EndProject
Project("{FAE04EC0-301F-11D3-BF4B-00C04F79EFBC}") = "JC.Common", "JC.Common\JC.Common.csproj", "{3D162A4C-EB54-4CDF-BA51-E29AA18EB6A7}"
EndProject
Global
	GlobalSection(SolutionConfigurationPlatforms) = preSolution
		Debug|Any CPU = Debug|Any CPU
		Release|Any CPU = Release|Any CPU
	EndGlobalSection
	GlobalSection(ProjectConfigurationPlatforms) = postSolution
		{9EAA1CA5-9049-4EFF-92B6-2D54178C9413}.Debug|Any CPU.ActiveCfg = Debug|Any CPU
		{9EAA1CA5-9049-4EFF-92B6-2D54178C9413}.Debug|Any CPU.Build.0 = Debug|Any CPU
		{9EAA1CA5-9049-4EFF-92B6-2D54178C9413}.Release|Any CPU.ActiveCfg = Release|Any CPU
		{9EAA1CA5-9049-4EFF-92B6-2D54178C9413}.Release|Any CPU.Build.0 = Release|Any CPU
		{B3B53ACF-A9BC-4708-A0BD-BBD89F98C431}.Debug|Any CPU.ActiveCfg = Debug|Any CPU
		{B3B53ACF-A9BC-4708-A0BD-BBD89F98C431}.Debug|Any CPU.Build.0 = Debug|Any CPU
		{B3B53ACF-A9BC-4708-A0BD-BBD89F98C431}.Release|Any CPU.ActiveCfg = Release|Any CPU
		{B3B53ACF-A9BC-4708-A0BD-BBD89F98C431}.Release|Any CPU.Build.0 = Release|Any CPU
		{3D162A4C-EB54-4CDF-BA51-E29AA18EB6A7}.Debug|Any CPU.ActiveCfg = Debug|Any CPU
		{3D162A4C-EB54-4CDF-BA51-E29AA18EB6A7}.Debug|Any CPU.Build.0 = Debug|Any CPU
		{3D162A4C-EB54-4CDF-BA51-E29AA18EB6A7}.Release|Any CPU.ActiveCfg = Release|Any CPU
		{3D162A4C-EB54-4CDF-BA51-E29AA18EB6A7}.Release|Any CPU.Build.0 = Release|Any CPU
	EndGlobalSection
	GlobalSection(SolutionProperties) = preSolution
		HideSolutionNode = FALSE
	EndGlobalSection
EndGlobal
